
Microsoft Visual Studio Solution File, Format Version 12.00
# Visual Studio 14
VisualStudioVersion = 14.0.25420.1
MinimumVisualStudioVersion = 10.0.40219.1
Project("{8BC9CEB8-8B4A-11D0-8D11-00A0C91BC942}") = "jay_robot_libraries", "jay_robot_libraries.vcxproj", "{7B0C0D83-972C-4062-BC76-0E61F7EC848F}"
EndProject
Project("{8BC9CEB8-8B4A-11D0-8D11-00A0C91BC942}") = "jay_math", "libraries\jay_math\jay_math.vcxproj", "{3EE2206D-61EC-4C53-A61C-FF4688FF5448}"
EndProject
Global
	GlobalSection(SolutionConfigurationPlatforms) = preSolution
		Debug|x64 = Debug|x64
		Debug|x86 = Debug|x86
		Release|x64 = Release|x64
		Release|x86 = Release|x86
	EndGlobalSection
	GlobalSection(ProjectConfigurationPlatforms) = postSolution
		{7B0C0D83-972C-4062-BC76-0E61F7EC848F}.Debug|x64.ActiveCfg = Debug|x64
		{7B0C0D83-972C-4062-BC76-0E61F7EC848F}.Debug|x64.Build.0 = Debug|x64
		{7B0C0D83-972C-4062-BC76-0E61F7EC848F}.Debug|x86.ActiveCfg = Debug|Win32
		{7B0C0D83-972C-4062-BC76-0E61F7EC848F}.Debug|x86.Build.0 = Debug|Win32
		{7B0C0D83-972C-4062-BC76-0E61F7EC848F}.Release|x64.ActiveCfg = Release|x64
		{7B0C0D83-972C-4062-BC76-0E61F7EC848F}.Release|x64.Build.0 = Release|x64
		{7B0C0D83-972C-4062-BC76-0E61F7EC848F}.Release|x86.ActiveCfg = Release|Win32
		{7B0C0D83-972C-4062-BC76-0E61F7EC848F}.Release|x86.Build.0 = Release|Win32
		{3EE2206D-61EC-4C53-A61C-FF4688FF5448}.Debug|x64.ActiveCfg = Debug|x64
		{3EE2206D-61EC-4C53-A61C-FF4688FF5448}.Debug|x64.Build.0 = Debug|x64
		{3EE2206D-61EC-4C53-A61C-FF4688FF5448}.Debug|x86.ActiveCfg = Debug|Win32
		{3EE2206D-61EC-4C53-A61C-FF4688FF5448}.Debug|x86.Build.0 = Debug|Win32
		{3EE2206D-61EC-4C53-A61C-FF4688FF5448}.Release|x64.ActiveCfg = Release|x64
		{3EE2206D-61EC-4C53-A61C-FF4688FF5448}.Release|x64.Build.0 = Release|x64
		{3EE2206D-61EC-4C53-A61C-FF4688FF5448}.Release|x86.ActiveCfg = Release|Win32
		{3EE2206D-61EC-4C53-A61C-FF4688FF5448}.Release|x86.Build.0 = Release|Win32
	EndGlobalSection
	GlobalSection(SolutionProperties) = preSolution
		HideSolutionNode = FALSE
	EndGlobalSection
EndGlobal
